
Microsoft Visual Studio Solution File, Format Version 12.00
# Visual Studio 14
VisualStudioVersion = 14.0.25420.1
MinimumVisualStudioVersion = 10.0.40219.1
Project("{8BC9CEB8-8B4A-11D0-8D11-00A0C91BC942}") = "GoogleTest_Soln2", "GoogleTest_Soln2\GoogleTest_Soln2.vcxproj", "{AA671271-222F-452E-AFAA-DB6ED5B4B8B1}"
EndProject
Project("{8BC9CEB8-8B4A-11D0-8D11-00A0C91BC942}") = "GoogleTestLib", "GoogleTestLib\GoogleTestLib.vcxproj", "{FF183D85-FCED-404B-B94E-C9D62C9E1A4E}"
EndProject
Project("{8BC9CEB8-8B4A-11D0-8D11-00A0C91BC942}") = "Tests", "Tests\Tests.vcxproj", "{1AF47F18-72BA-4D21-B393-3BE641CAD3B2}"
EndProject
Global
	GlobalSection(SolutionConfigurationPlatforms) = preSolution
		Debug|x64 = Debug|x64
		Debug|x86 = Debug|x86
		Release|x64 = Release|x64
		Release|x86 = Release|x86
	EndGlobalSection
	GlobalSection(ProjectConfigurationPlatforms) = postSolution
		{AA671271-222F-452E-AFAA-DB6ED5B4B8B1}.Debug|x64.ActiveCfg = Debug|x64
		{AA671271-222F-452E-AFAA-DB6ED5B4B8B1}.Debug|x86.ActiveCfg = Debug|Win32
		{AA671271-222F-452E-AFAA-DB6ED5B4B8B1}.Debug|x86.Build.0 = Debug|Win32
		{AA671271-222F-452E-AFAA-DB6ED5B4B8B1}.Release|x64.ActiveCfg = Release|x64
		{AA671271-222F-452E-AFAA-DB6ED5B4B8B1}.Release|x86.ActiveCfg = Release|Win32
		{FF183D85-FCED-404B-B94E-C9D62C9E1A4E}.Debug|x64.ActiveCfg = Debug|x64
		{FF183D85-FCED-404B-B94E-C9D62C9E1A4E}.Debug|x86.ActiveCfg = Debug|Win32
		{FF183D85-FCED-404B-B94E-C9D62C9E1A4E}.Debug|x86.Build.0 = Debug|Win32
		{FF183D85-FCED-404B-B94E-C9D62C9E1A4E}.Release|x64.ActiveCfg = Release|x64
		{FF183D85-FCED-404B-B94E-C9D62C9E1A4E}.Release|x86.ActiveCfg = Release|Win32
		{1AF47F18-72BA-4D21-B393-3BE641CAD3B2}.Debug|x64.ActiveCfg = Debug|x64
		{1AF47F18-72BA-4D21-B393-3BE641CAD3B2}.Debug|x86.ActiveCfg = Debug|Win32
		{1AF47F18-72BA-4D21-B393-3BE641CAD3B2}.Debug|x86.Build.0 = Debug|Win32
		{1AF47F18-72BA-4D21-B393-3BE641CAD3B2}.Release|x64.ActiveCfg = Release|x64
		{1AF47F18-72BA-4D21-B393-3BE641CAD3B2}.Release|x86.ActiveCfg = Release|Win32
	EndGlobalSection
	GlobalSection(SolutionProperties) = preSolution
		HideSolutionNode = FALSE
	EndGlobalSection
EndGlobal
